github.com/autom8ter/api v0.0.0-20190401225158-7dc261e7e5d6 h1:SmiK9HePzeJxdb1cPezIy3P2xKmb8vSx7wkNkp9srXA=
github.com/autom8ter/api v0.0.0-20190401225158-7dc261e7e5d6/go.mod h1:ZKbda7etokiSUO3uoINYpC3Cc9oZTZD1GrJhH6jkpjw=
github.com/autom8ter/api v0.0.0-20190401225532-506e2fab95e1 h1:ZNVw2SvSZX3bwKeWXRNkNtJ5409KedZI/Wh8b1nXXn0=
github.com/autom8ter/api v0.0.0-20190401225532-506e2fab95e1/go.mod h1:ZKbda7etokiSUO3uoINYpC3Cc9oZTZD1GrJhH6jkpjw=
github.com/autom8ter/api v0.0.0-20190401230950-4a51a0914d9f h1:GmztYKLVA+XN4DYYgfbXcgZfSSAns6sisAZaM4v0vZ8=
github.com/autom8ter/api v0.0.0-20190401230950-4a51a0914d9f/go.mod h1:ZKbda7etokiSUO3uoINYpC3Cc9oZTZD1GrJhH6jkpjw=
github.com/autom8ter/api v0.0.0-20190401233306-954ef7eecd68 h1:5F/wWLo6pYFLx3E3biowyIuKKPO9qQHGPosefd9TKto=
github.com/autom8ter/api v0.0.0-20190401233306-954ef7eecd68/go.mod h1:ZKbda7etokiSUO3uoINYpC3Cc9oZTZD1GrJhH6jkpjw=
github.com/autom8ter/api v0.0.0-20190401233714-4a0e89514bdb h1:ZzmH9vWHcYrwQInrNM/txgG8rerKoTXDh/DU8mPPchQ=
github.com/autom8ter/api v0.0.0-20190401233714-4a0e89514bdb/go.mod h1:ZKbda7etokiSUO3uoINYpC3Cc9oZTZD1GrJhH6jkpjw=
github.com/autom8ter/api v0.0.0-20190401234042-1a81fe273705 h1:2oleDZrwy71plcdwZ4fmlcjv/sm3PS9nCPiYr3MOCWU=
github.com/autom8ter/api v0.0.0-20190401234042-1a81fe273705/go.mod h1:ZKbda7etokiSUO3uoINYpC3Cc9oZTZD1GrJhH6jkpjw=
github.com/dgrijalva/jwt-go v3.2.0+incompatible h1:7qlOGliEKZXTDg6OTjfoBKDXWrumCAMpl/TFQ4/5kLM=
github.com/dgrijalva/jwt-go v3.2.0+incompatible/go.mod h1:E3ru+11k8xSBh+hMPgOLZmtrrCbhqsmaPHjLKYnJCaQ=
github.com/golang/protobuf v1.3.1 h1:YF8+flBXS5eO826T4nzqPrxfhQThhXl0YzfuUPu4SBg=
github.com/golang/protobuf v1.3.1/go.mod h1:6lQm79b+lXiMfvg/cZm0SGofjICqVBUtrP5yJMmIC1U=
github.com/gorilla/schema v1.1.0 h1:CamqUDOFUBqzrvxuz2vEwo8+SUdwsluFh7IlzJh30LY=
github.com/gorilla/schema v1.1.0/go.mod h1:kgLaKoK1FELgZqMAVxx/5cbj0kT+57qxUrAlIO2eleU=
github.com/sendgrid/rest v2.4.1+incompatible h1:HDib/5xzQREPq34lN3YMhQtMkdXxS/qLp5G3k9a5++4=
github.com/sendgrid/rest v2.4.1+incompatible/go.mod h1:kXX7q3jZtJXK5c5qK83bSGMdV6tsOE70KbHoqJls4lE=
github.com/sendgrid/sendgrid-go v3.4.1+incompatible h1:jkXet0CDmdaMZctaF5qELIAFM7eeUx1nh3kMvLejAXk=
github.com/sendgrid/sendgrid-go v3.4.1+incompatible/go.mod h1:QRQt+LX/NmgVEvmdRw0VT/QgUn499+iza2FnDca9fg8=
github.com/sfreiberg/gotwilio v0.0.0-20181223013140-ccf5c3cb3e06 h1:E4C710zY1bmLjQ/zq5pzzIK+J7o6aZoy6h8uRYzp5rM=
github.com/sfreiberg/gotwilio v0.0.0-20181223013140-ccf5c3cb3e06/go.mod h1:60PiR0SAnAcYSiwrXB6BaxeqHdXMf172toCosHfV+Yk=
github.com/stripe/stripe-go v60.0.0+incompatible h1:/V42APr9dAzQn03ME9UHa6//orNMMdN6XfJQugp94t0=
github.com/stripe/stripe-go v60.0.0+incompatible/go.mod h1:A1dQZmO/QypXmsL0T8axYZkSN/uA/T/A64pfKdBAMiY=
